
Microsoft Visual Studio Solution File, Format Version 12.00
# Visual Studio Version 17
VisualStudioVersion = 17.4.33110.190
MinimumVisualStudioVersion = 10.0.40219.1
Project("{FAE04EC0-301F-11D3-BF4B-00C04F79EFBC}") = "AzurePushNotification", "AzurePushNotification\AzurePushNotification.csproj", "{34072C4A-A975-4195-9299-233139106372}"
EndProject
Project("{FAE04EC0-301F-11D3-BF4B-00C04F79EFBC}") = "AzurePushNotification.Library", "AzurePushNotification.Library\AzurePushNotification.Library.csproj", "{8D020BAE-AA1D-45CA-8DC2-066923D03DB0}"
EndProject
Global
	GlobalSection(SolutionConfigurationPlatforms) = preSolution
		Debug|Any CPU = Debug|Any CPU
		Release|Any CPU = Release|Any CPU
	EndGlobalSection
	GlobalSection(ProjectConfigurationPlatforms) = postSolution
		{34072C4A-A975-4195-9299-233139106372}.Debug|Any CPU.ActiveCfg = Debug|Any CPU
		{34072C4A-A975-4195-9299-233139106372}.Debug|Any CPU.Build.0 = Debug|Any CPU
		{34072C4A-A975-4195-9299-233139106372}.Release|Any CPU.ActiveCfg = Release|Any CPU
		{34072C4A-A975-4195-9299-233139106372}.Release|Any CPU.Build.0 = Release|Any CPU
		{8D020BAE-AA1D-45CA-8DC2-066923D03DB0}.Debug|Any CPU.ActiveCfg = Debug|Any CPU
		{8D020BAE-AA1D-45CA-8DC2-066923D03DB0}.Debug|Any CPU.Build.0 = Debug|Any CPU
		{8D020BAE-AA1D-45CA-8DC2-066923D03DB0}.Release|Any CPU.ActiveCfg = Release|Any CPU
		{8D020BAE-AA1D-45CA-8DC2-066923D03DB0}.Release|Any CPU.Build.0 = Release|Any CPU
	EndGlobalSection
	GlobalSection(SolutionProperties) = preSolution
		HideSolutionNode = FALSE
	EndGlobalSection
	GlobalSection(ExtensibilityGlobals) = postSolution
		SolutionGuid = {E5EAA387-752F-4C8A-9A62-F958A54D334B}
	EndGlobalSection
EndGlobal
